
Microsoft Visual Studio Solution File, Format Version 12.00
# Visual Studio Version 16
VisualStudioVersion = 16.0.29905.134
MinimumVisualStudioVersion = 10.0.40219.1
Project("{FAE04EC0-301F-11D3-BF4B-00C04F79EFBC}") = "calculator", "calculator\calculator.csproj", "{F4B0A202-AFB7-404D-8ACB-74B26F0171DB}"
EndProject
Global
	GlobalSection(SolutionConfigurationPlatforms) = preSolution
		Debug|Any CPU = Debug|Any CPU
		Release|Any CPU = Release|Any CPU
	EndGlobalSection
	GlobalSection(ProjectConfigurationPlatforms) = postSolution
		{F4B0A202-AFB7-404D-8ACB-74B26F0171DB}.Debug|Any CPU.ActiveCfg = Debug|Any CPU
		{F4B0A202-AFB7-404D-8ACB-74B26F0171DB}.Debug|Any CPU.Build.0 = Debug|Any CPU
		{F4B0A202-AFB7-404D-8ACB-74B26F0171DB}.Release|Any CPU.ActiveCfg = Release|Any CPU
		{F4B0A202-AFB7-404D-8ACB-74B26F0171DB}.Release|Any CPU.Build.0 = Release|Any CPU
	EndGlobalSection
	GlobalSection(SolutionProperties) = preSolution
		HideSolutionNode = FALSE
	EndGlobalSection
	GlobalSection(ExtensibilityGlobals) = postSolution
		SolutionGuid = {331CB2AD-66F4-4B0B-AC7B-672A367BE79E}
	EndGlobalSection
EndGlobal
